
Microsoft Visual Studio Solution File, Format Version 12.00
# Visual Studio 15
VisualStudioVersion = 15.0.27703.2042
MinimumVisualStudioVersion = 10.0.40219.1
Project("{FAE04EC0-301F-11D3-BF4B-00C04F79EFBC}") = "PacmanWeb", "PacmanWeb\PacmanWeb.csproj", "{05EF3C46-00A5-45A3-80FE-DADF91455171}"
EndProject
Project("{FAE04EC0-301F-11D3-BF4B-00C04F79EFBC}") = "PacmanLibrary", "PacmanLibrary\PacmanLibrary.csproj", "{2CB15435-0BE4-41BC-B566-850D4897038A}"
EndProject
Global
	GlobalSection(SolutionConfigurationPlatforms) = preSolution
		Debug|Any CPU = Debug|Any CPU
		Release|Any CPU = Release|Any CPU
	EndGlobalSection
	GlobalSection(ProjectConfigurationPlatforms) = postSolution
		{05EF3C46-00A5-45A3-80FE-DADF91455171}.Debug|Any CPU.ActiveCfg = Debug|Any CPU
		{05EF3C46-00A5-45A3-80FE-DADF91455171}.Debug|Any CPU.Build.0 = Debug|Any CPU
		{05EF3C46-00A5-45A3-80FE-DADF91455171}.Release|Any CPU.ActiveCfg = Release|Any CPU
		{05EF3C46-00A5-45A3-80FE-DADF91455171}.Release|Any CPU.Build.0 = Release|Any CPU
		{2CB15435-0BE4-41BC-B566-850D4897038A}.Debug|Any CPU.ActiveCfg = Debug|Any CPU
		{2CB15435-0BE4-41BC-B566-850D4897038A}.Debug|Any CPU.Build.0 = Debug|Any CPU
		{2CB15435-0BE4-41BC-B566-850D4897038A}.Release|Any CPU.ActiveCfg = Release|Any CPU
		{2CB15435-0BE4-41BC-B566-850D4897038A}.Release|Any CPU.Build.0 = Release|Any CPU
	EndGlobalSection
	GlobalSection(SolutionProperties) = preSolution
		HideSolutionNode = FALSE
	EndGlobalSection
	GlobalSection(ExtensibilityGlobals) = postSolution
		SolutionGuid = {5A1DE7DE-D136-4C88-8D65-B9AFD6D588AA}
	EndGlobalSection
EndGlobal
